// !$*UTF8*$!
{
	archiveVersion = 1;
	classes = {
	};
	objectVersion = 51;
	objects = {

/* Begin PBXBuildFile section */
		0FBEA151016C336813FE4818 /* Pods_togoapp.framework in Frameworks */ = {isa = PBXBuildFile; fileRef = 3876EC8098518C139282DF04 /* Pods_togoapp.framework */; };
		FAE6F9452388D93C00EB1487 /* AppDelegate.swift in Sources */ = {isa = PBXBuildFile; fileRef = FAE6F9442388D93C00EB1487 /* AppDelegate.swift */; };
		FAE6F9472388D93C00EB1487 /* SceneDelegate.swift in Sources */ = {isa = PBXBuildFile; fileRef = FAE6F9462388D93C00EB1487 /* SceneDelegate.swift */; };
		FAE6F9492388D93C00EB1487 /* ViewController.swift in Sources */ = {isa = PBXBuildFile; fileRef = FAE6F9482388D93C00EB1487 /* ViewController.swift */; };
		FAE6F94C2388D93C00EB1487 /* Main.storyboard in Resources */ = {isa = PBXBuildFile; fileRef = FAE6F94A2388D93C00EB1487 /* Main.storyboard */; };
		FAE6F94E2388D94100EB1487 /* Assets.xcassets in Resources */ = {isa = PBXBuildFile; fileRef = FAE6F94D2388D94100EB1487 /* Assets.xcassets */; };
		FAE6F9512388D94100EB1487 /* LaunchScreen.storyboard in Resources */ = {isa = PBXBuildFile; fileRef = FAE6F94F2388D94100EB1487 /* LaunchScreen.storyboard */; };
		FAE6F9592388D97500EB1487 /* GoogleService-Info.plist in Resources */ = {isa = PBXBuildFile; fileRef = FAE6F9582388D97500EB1487 /* GoogleService-Info.plist */; };
		FAE6F95B2388DB0A00EB1487 /* SignupViewController.swift in Sources */ = {isa = PBXBuildFile; fileRef = FAE6F95A2388DB0A00EB1487 /* SignupViewController.swift */; };
		FAE6F95D2388DB1B00EB1487 /* LoginViewController.swift in Sources */ = {isa = PBXBuildFile; fileRef = FAE6F95C2388DB1B00EB1487 /* LoginViewController.swift */; };
		FAE6F95F2388F4A100EB1487 /* ListViewController.swift in Sources */ = {isa = PBXBuildFile; fileRef = FAE6F95E2388F4A100EB1487 /* ListViewController.swift */; };
/* End PBXBuildFile section */

/* Begin PBXFileReference section */
		09CD88063A2F67F131BA5676 /* Pods-togoapp.debug.xcconfig */ = {isa = PBXFileReference; includeInIndex = 1; lastKnownFileType = text.xcconfig; name = "Pods-togoapp.debug.xcconfig"; path = "Target Support Files/Pods-togoapp/Pods-togoapp.debug.xcconfig"; sourceTree = "<group>"; };
		3876EC8098518C139282DF04 /* Pods_togoapp.framework */ = {isa = PBXFileReference; explicitFileType = wrapper.framework; includeInIndex = 0; path = Pods_togoapp.framework; sourceTree = BUILT_PRODUCTS_DIR; };
		63ABD2CC1A6770ACF5A9CBEF /* Pods-togoapp.release.xcconfig */ = {isa = PBXFileReference; includeInIndex = 1; lastKnownFileType = text.xcconfig; name = "Pods-togoapp.release.xcconfig"; path = "Target Support Files/Pods-togoapp/Pods-togoapp.release.xcconfig"; sourceTree = "<group>"; };
		FAE6F9412388D93C00EB1487 /* togoapp.app */ = {isa = PBXFileReference; explicitFileType = wrapper.application; includeInIndex = 0; path = togoapp.app; sourceTree = BUILT_PRODUCTS_DIR; };
		FAE6F9442388D93C00EB1487 /* AppDelegate.swift */ = {isa = PBXFileReference; lastKnownFileType = sourcecode.swift; path = AppDelegate.swift; sourceTree = "<group>"; };
		FAE6F9462388D93C00EB1487 /* SceneDelegate.swift */ = {isa = PBXFileReference; lastKnownFileType = sourcecode.swift; path = SceneDelegate.swift; sourceTree = "<group>"; };
		FAE6F9482388D93C00EB1487 /* ViewController.swift */ = {isa = PBXFileReference; lastKnownFileType = sourcecode.swift; path = ViewController.swift; sourceTree = "<group>"; };
		FAE6F94B2388D93C00EB1487 /* Base */ = {isa = PBXFileReference; lastKnownFileType = file.storyboard; name = Base; path = Base.lproj/Main.storyboard; sourceTree = "<group>"; };
		FAE6F94D2388D94100EB1487 /* Assets.xcassets */ = {isa = PBXFileReference; lastKnownFileType = folder.assetcatalog; path = Assets.xcassets; sourceTree = "<group>"; };
		FAE6F9502388D94100EB1487 /* Base */ = {isa = PBXFileReference; lastKnownFileType = file.storyboard; name = Base; path = Base.lproj/LaunchScreen.storyboard; sourceTree = "<group>"; };
		FAE6F9522388D94100EB1487 /* Info.plist */ = {isa = PBXFileReference; lastKnownFileType = text.plist.xml; path = Info.plist; sourceTree = "<group>"; };
		FAE6F9582388D97500EB1487 /* GoogleService-Info.plist */ = {isa = PBXFileReference; fileEncoding = 4; lastKnownFileType = text.plist.xml; path = "GoogleService-Info.plist"; sourceTree = "<group>"; };
		FAE6F95A2388DB0A00EB1487 /* SignupViewController.swift */ = {isa = PBXFileReference; lastKnownFileType = sourcecode.swift; path = SignupViewController.swift; sourceTree = "<group>"; };
		FAE6F95C2388DB1B00EB1487 /* LoginViewController.swift */ = {isa = PBXFileReference; lastKnownFileType = sourcecode.swift; path = LoginViewController.swift; sourceTree = "<group>"; };
		FAE6F95E2388F4A100EB1487 /* ListViewController.swift */ = {isa = PBXFileReference; lastKnownFileType = sourcecode.swift; path = ListViewController.swift; sourceTree = "<group>"; };
/* End PBXFileReference section */

/* Begin PBXFrameworksBuildPhase section */
		FAE6F93E2388D93C00EB1487 /* Frameworks */ = {
			isa = PBXFrameworksBuildPhase;
			buildActionMask = 2147483647;
			files = (
				0FBEA151016C336813FE4818 /* Pods_togoapp.framework in Frameworks */,
			);
			runOnlyForDeploymentPostprocessing = 0;
		};
/* End PBXFrameworksBuildPhase section */

/* Begin PBXGroup section */
		67647263CA937EEE6143C518 /* Frameworks */ = {
			isa = PBXGroup;
			children = (
				3876EC8098518C139282DF04 /* Pods_togoapp.framework */,
			);
			name = Frameworks;
			sourceTree = "<group>";
		};
		8251269ABEB0EBE09E3B6A60 /* Pods */ = {
			isa = PBXGroup;
			children = (
				09CD88063A2F67F131BA5676 /* Pods-togoapp.debug.xcconfig */,
				63ABD2CC1A6770ACF5A9CBEF /* Pods-togoapp.release.xcconfig */,
			);
			path = Pods;
			sourceTree = "<group>";
		};
		FAE6F9382388D93C00EB1487 = {
			isa = PBXGroup;
			children = (
				FAE6F9432388D93C00EB1487 /* togoapp */,
				FAE6F9422388D93C00EB1487 /* Products */,
				8251269ABEB0EBE09E3B6A60 /* Pods */,
				67647263CA937EEE6143C518 /* Frameworks */,
			);
			sourceTree = "<group>";
		};
		FAE6F9422388D93C00EB1487 /* Products */ = {
			isa = PBXGroup;
			children = (
				FAE6F9412388D93C00EB1487 /* togoapp.app */,
			);
			name = Products;
			sourceTree = "<group>";
		};
		FAE6F9432388D93C00EB1487 /* togoapp */ = {
			isa = PBXGroup;
			children = (
				FAE6F9442388D93C00EB1487 /* AppDelegate.swift */,
				FAE6F9462388D93C00EB1487 /* SceneDelegate.swift */,
				FAE6F9482388D93C00EB1487 /* ViewController.swift */,
				FAE6F95A2388DB0A00EB1487 /* SignupViewController.swift */,
				FAE6F95E2388F4A100EB1487 /* ListViewController.swift */,
				FAE6F95C2388DB1B00EB1487 /* LoginViewController.swift */,
				FAE6F94A2388D93C00EB1487 /* Main.storyboard */,
				FAE6F94D2388D94100EB1487 /* Assets.xcassets */,
				FAE6F94F2388D94100EB1487 /* LaunchScreen.storyboard */,
				FAE6F9582388D97500EB1487 /* GoogleService-Info.plist */,
				FAE6F9522388D94100EB1487 /* Info.plist */,
			);
			path = togoapp;
			sourceTree = "<group>";
		};
/* End PBXGroup section */

/* Begin PBXNativeTarget section */
		FAE6F9402388D93C00EB1487 /* togoapp */ = {
			isa = PBXNativeTarget;
			buildConfigurationList = FAE6F9552388D94100EB1487 /* Build configuration list for PBXNativeTarget "togoapp" */;
			buildPhases = (
				107398C5A8DF9F5363823A7E /* [CP] Check Pods Manifest.lock */,
				FAE6F93D2388D93C00EB1487 /* Sources */,
				FAE6F93E2388D93C00EB1487 /* Frameworks */,
				FAE6F93F2388D93C00EB1487 /* Resources */,
				45BE3AD49B06E1A75B7DD61F /* [CP] Embed Pods Frameworks */,
			);
			buildRules = (
			);
			dependencies = (
			);
			name = togoapp;
			productName = togoapp;
			productReference = FAE6F9412388D93C00EB1487 /* togoapp.app */;
			productType = "com.apple.product-type.application";
		};
/* End PBXNativeTarget section */

/* Begin PBXProject section */
		FAE6F9392388D93C00EB1487 /* Project object */ = {
			isa = PBXProject;
			attributes = {
				LastSwiftUpdateCheck = 1120;
				LastUpgradeCheck = 1120;
				ORGANIZATIONNAME = "Kan Nakamura";
				TargetAttributes = {
					FAE6F9402388D93C00EB1487 = {
						CreatedOnToolsVersion = 11.2.1;
					};
				};
			};
			buildConfigurationList = FAE6F93C2388D93C00EB1487 /* Build configuration list for PBXProject "togoapp" */;
			compatibilityVersion = "Xcode 9.3";
			developmentRegion = en;
			hasScannedForEncodings = 0;
			knownRegions = (
				en,
				Base,
			);
			mainGroup = FAE6F9382388D93C00EB1487;
			productRefGroup = FAE6F9422388D93C00EB1487 /* Products */;
			projectDirPath = "";
			projectRoot = "";
			targets = (
				FAE6F9402388D93C00EB1487 /* togoapp */,
			);
		};
/* End PBXProject section */

/* Begin PBXResourcesBuildPhase section */
		FAE6F93F2388D93C00EB1487 /* Resources */ = {
			isa = PBXResourcesBuildPhase;
			buildActionMask = 2147483647;
			files = (
				FAE6F9512388D94100EB1487 /* LaunchScreen.storyboard in Resources */,
				FAE6F9592388D97500EB1487 /* GoogleService-Info.plist in Resources */,
				FAE6F94E2388D94100EB1487 /* Assets.xcassets in Resources */,
				FAE6F94C2388D93C00EB1487 /* Main.storyboard in Resources */,
			);
			runOnlyForDeploymentPostprocessing = 0;
		};
/* End PBXResourcesBuildPhase section */

/* Begin PBXShellScriptBuildPhase section */
		107398C5A8DF9F5363823A7E /* [CP] Check Pods Manifest.lock */ = {
			isa = PBXShellScriptBuildPhase;
			buildActionMask = 2147483647;
			files = (
			);
			inputFileListPaths = (
			);
			inputPaths = (
				"${PODS_PODFILE_DIR_PATH}/Podfile.lock",
				"${PODS_ROOT}/Manifest.lock",
			);
			name = "[CP] Check Pods Manifest.lock";
			outputFileListPaths = (
			);
			outputPaths = (
				"$(DERIVED_FILE_DIR)/Pods-togoapp-checkManifestLockResult.txt",
			);
			runOnlyForDeploymentPostprocessing = 0;
			shellPath = /bin/sh;
			shellScript = "diff \"${PODS_PODFILE_DIR_PATH}/Podfile.lock\" \"${PODS_ROOT}/Manifest.lock\" > /dev/null\nif [ $? != 0 ] ; then\n    # print error to STDERR\n    echo \"error: The sandbox is not in sync with the Podfile.lock. Run 'pod install' or update your CocoaPods installation.\" >&2\n    exit 1\nfi\n# This output is used by Xcode 'outputs' to avoid re-running this script phase.\necho \"SUCCESS\" > \"${SCRIPT_OUTPUT_FILE_0}\"\n";
			showEnvVarsInLog = 0;
		};
		45BE3AD49B06E1A75B7DD61F /* [CP] Embed Pods Frameworks */ = {
			isa = PBXShellScriptBuildPhase;
			buildActionMask = 2147483647;
			files = (
			);
			inputFileListPaths = (
				"${PODS_ROOT}/Target Support Files/Pods-togoapp/Pods-togoapp-frameworks-${CONFIGURATION}-input-files.xcfilelist",
			);
			name = "[CP] Embed Pods Frameworks";
			outputFileListPaths = (
				"${PODS_ROOT}/Target Support Files/Pods-togoapp/Pods-togoapp-frameworks-${CONFIGURATION}-output-files.xcfilelist",
			);
			runOnlyForDeploymentPostprocessing = 0;
			shellPath = /bin/sh;
			shellScript = "\"${PODS_ROOT}/Target Support Files/Pods-togoapp/Pods-togoapp-frameworks.sh\"\n";
			showEnvVarsInLog = 0;
		};
/* End PBXShellScriptBuildPhase section */

/* Begin PBXSourcesBuildPhase section */
		FAE6F93D2388D93C00EB1487 /* Sources */ = {
			isa = PBXSourcesBuildPhase;
			buildActionMask = 2147483647;
			files = (
				FAE6F9492388D93C00EB1487 /* ViewController.swift in Sources */,
				FAE6F9452388D93C00EB1487 /* AppDelegate.swift in Sources */,
				FAE6F95F2388F4A100EB1487 /* ListViewController.swift in Sources */,
				FAE6F95B2388DB0A00EB1487 /* SignupViewController.swift in Sources */,
				FAE6F95D2388DB1B00EB1487 /* LoginViewController.swift in Sources */,
				FAE6F9472388D93C00EB1487 /* SceneDelegate.swift in Sources */,
			);
			runOnlyForDeploymentPostprocessing = 0;
		};
/* End PBXSourcesBuildPhase section */

/* Begin PBXVariantGroup section */
		FAE6F94A2388D93C00EB1487 /* Main.storyboard */ = {
			isa = PBXVariantGroup;
			children = (
				FAE6F94B2388D93C00EB1487 /* Base */,
			);
			name = Main.storyboard;
			sourceTree = "<group>";
		};
		FAE6F94F2388D94100EB1487 /* LaunchScreen.storyboard */ = {
			isa = PBXVariantGroup;
			children = (
				FAE6F9502388D94100EB1487 /* Base */,
			);
			name = LaunchScreen.storyboard;
			sourceTree = "<group>";
		};
/* End PBXVariantGroup section */

/* Begin XCBuildConfiguration section */
		FAE6F9532388D94100EB1487 /* Debug */ = {
			isa = XCBuildConfiguration;
			buildSettings = {
				ALWAYS_SEARCH_USER_PATHS = NO;
				CLANG_ANALYZER_NONNULL = YES;
				CLANG_ANALYZER_NUMBER_OBJECT_CONVERSION = YES_AGGRESSIVE;
				CLANG_CXX_LANGUAGE_STANDARD = "gnu++14";
				CLANG_CXX_LIBRARY = "libc++";
				CLANG_ENABLE_MODULES = YES;
				CLANG_ENABLE_OBJC_ARC = YES;
				CLANG_ENABLE_OBJC_WEAK = YES;
				CLANG_WARN_BLOCK_CAPTURE_AUTORELEASING = YES;
				CLANG_WARN_BOOL_CONVERSION = YES;
				CLANG_WARN_COMMA = YES;
				CLANG_WARN_CONSTANT_CONVERSION = YES;
				CLANG_WARN_DEPRECATED_OBJC_IMPLEMENTATIONS = YES;
				CLANG_WARN_DIRECT_OBJC_ISA_USAGE = YES_ERROR;
				CLANG_WARN_DOCUMENTATION_COMMENTS = YES;
				CLANG_WARN_EMPTY_BODY = YES;
				CLANG_WARN_ENUM_CONVERSION = YES;
				CLANG_WARN_INFINITE_RECURSION = YES;
				CLANG_WARN_INT_CONVERSION = YES;
				CLANG_WARN_NON_LITERAL_NULL_CONVERSION = YES;
				CLANG_WARN_OBJC_IMPLICIT_RETAIN_SELF = YES;
				CLANG_WARN_OBJC_LITERAL_CONVERSION = YES;
				CLANG_WARN_OBJC_ROOT_CLASS = YES_ERROR;
				CLANG_WARN_RANGE_LOOP_ANALYSIS = YES;
				CLANG_WARN_STRICT_PROTOTYPES = YES;
				CLANG_WARN_SUSPICIOUS_MOVE = YES;
				CLANG_WARN_UNGUARDED_AVAILABILITY = YES_AGGRESSIVE;
				CLANG_WARN_UNREACHABLE_CODE = YES;
				CLANG_WARN__DUPLICATE_METHOD_MATCH = YES;
				COPY_PHASE_STRIP = NO;
				DEBUG_INFORMATION_FORMAT = dwarf;
				ENABLE_STRICT_OBJC_MSGSEND = YES;
				ENABLE_TESTABILITY = YES;
				GCC_C_LANGUAGE_STANDARD = gnu11;
				GCC_DYNAMIC_NO_PIC = NO;
				GCC_NO_COMMON_BLOCKS = YES;
				GCC_OPTIMIZATION_LEVEL = 0;
				GCC_PREPROCESSOR_DEFINITIONS = (
					"DEBUG=1",
					"$(inherited)",
				);
				GCC_WARN_64_TO_32_BIT_CONVERSION = YES;
				GCC_WARN_ABOUT_RETURN_TYPE = YES_ERROR;
				GCC_WARN_UNDECLARED_SELECTOR = YES;
				GCC_WARN_UNINITIALIZED_AUTOS = YES_AGGRESSIVE;
				GCC_WARN_UNUSED_FUNCTION = YES;
				GCC_WARN_UNUSED_VARIABLE = YES;
				IPHONEOS_DEPLOYMENT_TARGET = 13.2;
				MTL_ENABLE_DEBUG_INFO = INCLUDE_SOURCE;
				MTL_FAST_MATH = YES;
				ONLY_ACTIVE_ARCH = YES;
				SDKROOT = iphoneos;
				SWIFT_ACTIVE_COMPILATION_CONDITIONS = DEBUG;
				SWIFT_OPTIMIZATION_LEVEL = "-Onone";
			};
			name = Debug;
		};
		FAE6F9542388D94100EB1487 /* Release */ = {
			isa = XCBuildConfiguration;
			buildSettings = {
				ALWAYS_SEARCH_USER_PATHS = NO;
				CLANG_ANALYZER_NONNULL = YES;
				CLANG_ANALYZER_NUMBER_OBJECT_CONVERSION = YES_AGGRESSIVE;
				CLANG_CXX_LANGUAGE_STANDARD = "gnu++14";
				CLANG_CXX_LIBRARY = "libc++";
				CLANG_ENABLE_MODULES = YES;
				CLANG_ENABLE_OBJC_ARC = YES;
				CLANG_ENABLE_OBJC_WEAK = YES;
				CLANG_WARN_BLOCK_CAPTURE_AUTORELEASING = YES;
				CLANG_WARN_BOOL_CONVERSION = YES;
				CLANG_WARN_COMMA = YES;
				CLANG_WARN_CONSTANT_CONVERSION = YES;
				CLANG_WARN_DEPRECATED_OBJC_IMPLEMENTATIONS = YES;
				CLANG_WARN_DIRECT_OBJC_ISA_USAGE = YES_ERROR;
				CLANG_WARN_DOCUMENTATION_COMMENTS = YES;
				CLANG_WARN_EMPTY_BODY = YES;
				CLANG_WARN_ENUM_CONVERSION = YES;
				CLANG_WARN_INFINITE_RECURSION = YES;
				CLANG_WARN_INT_CONVERSION = YES;
				CLANG_WARN_NON_LITERAL_NULL_CONVERSION = YES;
				CLANG_WARN_OBJC_IMPLICIT_RETAIN_SELF = YES;
				CLANG_WARN_OBJC_LITERAL_CONVERSION = YES;
				CLANG_WARN_OBJC_ROOT_CLASS = YES_ERROR;
				CLANG_WARN_RANGE_LOOP_ANALYSIS = YES;
				CLANG_WARN_STRICT_PROTOTYPES = YES;
				CLANG_WARN_SUSPICIOUS_MOVE = YES;
				CLANG_WARN_UNGUARDED_AVAILABILITY = YES_AGGRESSIVE;
				CLANG_WARN_UNREACHABLE_CODE = YES;
				CLANG_WARN__DUPLICATE_METHOD_MATCH = YES;
				COPY_PHASE_STRIP = NO;
				DEBUG_INFORMATION_FORMAT = "dwarf-with-dsym";
				ENABLE_NS_ASSERTIONS = NO;
				ENABLE_STRICT_OBJC_MSGSEND = YES;
				GCC_C_LANGUAGE_STANDARD = gnu11;
				GCC_NO_COMMON_BLOCKS = YES;
				GCC_WARN_64_TO_32_BIT_CONVERSION = YES;
				GCC_WARN_ABOUT_RETURN_TYPE = YES_ERROR;
				GCC_WARN_UNDECLARED_SELECTOR = YES;
				GCC_WARN_UNINITIALIZED_AUTOS = YES_AGGRESSIVE;
				GCC_WARN_UNUSED_FUNCTION = YES;
				GCC_WARN_UNUSED_VARIABLE = YES;
				IPHONEOS_DEPLOYMENT_TARGET = 13.2;
				MTL_ENABLE_DEBUG_INFO = NO;
				MTL_FAST_MATH = YES;
				SDKROOT = iphoneos;
				SWIFT_COMPILATION_MODE = wholemodule;
				SWIFT_OPTIMIZATION_LEVEL = "-O";
				VALIDATE_PRODUCT = YES;
			};
			name = Release;
		};
		FAE6F9562388D94100EB1487 /* Debug */ = {
			isa = XCBuildConfiguration;
			baseConfigurationReference = 09CD88063A2F67F131BA5676 /* Pods-togoapp.debug.xcconfig */;
			buildSettings = {
				ASSETCATALOG_COMPILER_APPICON_NAME = AppIcon;
				CODE_SIGN_STYLE = Automatic;
				DEVELOPMENT_TEAM = 424C2RBZ3V;
				INFOPLIST_FILE = togoapp/Info.plist;
				LD_RUNPATH_SEARCH_PATHS = (
					"$(inherited)",
					"@executable_path/Frameworks",
				);
				PRODUCT_BUNDLE_IDENTIFIER = "kan.nakamura0711-gmail.com.togoapp";
				PRODUCT_NAME = "$(TARGET_NAME)";
				SWIFT_VERSION = 5.0;
				TARGETED_DEVICE_FAMILY = "1,2";
			};
			name = Debug;
		};
		FAE6F9572388D94100EB1487 /* Release */ = {
			isa = XCBuildConfiguration;
			baseConfigurationReference = 63ABD2CC1A6770ACF5A9CBEF /* Pods-togoapp.release.xcconfig */;
			buildSettings = {
				ASSETCATALOG_COMPILER_APPICON_NAME = AppIcon;
				CODE_SIGN_STYLE = Automatic;
				DEVELOPMENT_TEAM = 424C2RBZ3V;
				INFOPLIST_FILE = togoapp/Info.plist;
				LD_RUNPATH_SEARCH_PATHS = (
					"$(inherited)",
					"@executable_path/Frameworks",
				);
				PRODUCT_BUNDLE_IDENTIFIER = "kan.nakamura0711-gmail.com.togoapp";
				PRODUCT_NAME = "$(TARGET_NAME)";
				SWIFT_VERSION = 5.0;
				TARGETED_DEVICE_FAMILY = "1,2";
			};
			name = Release;
		};
/* End XCBuildConfiguration section */

/* Begin XCConfigurationList section */
		FAE6F93C2388D93C00EB1487 /* Build configuration list for PBXProject "togoapp" */ = {
			isa = XCConfigurationList;
			buildConfigurations = (
				FAE6F9532388D94100EB1487 /* Debug */,
				FAE6F9542388D94100EB1487 /* Release */,
			);
			defaultConfigurationIsVisible = 0;
			defaultConfigurationName = Release;
		};
		FAE6F9552388D94100EB1487 /* Build configuration list for PBXNativeTarget "togoapp" */ = {
			isa = XCConfigurationList;
			buildConfigurations = (
				FAE6F9562388D94100EB1487 /* Debug */,
				FAE6F9572388D94100EB1487 /* Release */,
			);
			defaultConfigurationIsVisible = 0;
			defaultConfigurationName = Release;
		};
/* End XCConfigurationList section */
	};
	rootObject = FAE6F9392388D93C00EB1487 /* Project object */;
}
